
Microsoft Visual Studio Solution File, Format Version 12.00
# Visual Studio Version 17
VisualStudioVersion = 17.9.34414.90
MinimumVisualStudioVersion = 10.0.40219.1
Project("{9A19103F-16F7-4668-BE54-9A1E7A4F7556}") = "ShadowViewer.Controls.TitleBar", "ShadowViewer.Controls.TitleBar\ShadowViewer.Controls.TitleBar.csproj", "{A627F0FA-A7D4-4EEE-9D9A-63A78BB266B6}"
EndProject
Project("{9A19103F-16F7-4668-BE54-9A1E7A4F7556}") = "Test", "Test\Test.csproj", "{F0240A60-2E04-4CFF-A29B-ED642D5DF83D}"
EndProject
Project("{9A19103F-16F7-4668-BE54-9A1E7A4F7556}") = "ShadowViewer.Controls.Notification", "ShadowViewer.Controls.Notification\ShadowViewer.Controls.Notification.csproj", "{BD67B2D2-D6E3-450A-95A3-53620191E019}"
EndProject
Project("{FAE04EC0-301F-11D3-BF4B-00C04F79EFBC}") = "ShadowViewer.Controls.TitleBorder", "ShadowViewer.Controls.TitleBorder\ShadowViewer.Controls.TitleBorder.csproj", "{E703583B-8B4C-4AA6-98E9-737DF391DEB4}"
EndProject
Global
	GlobalSection(SolutionConfigurationPlatforms) = preSolution
		Debug|Any CPU = Debug|Any CPU
		Debug|ARM64 = Debug|ARM64
		Debug|x64 = Debug|x64
		Debug|x86 = Debug|x86
		Release|Any CPU = Release|Any CPU
		Release|ARM64 = Release|ARM64
		Release|x64 = Release|x64
		Release|x86 = Release|x86
	EndGlobalSection
	GlobalSection(ProjectConfigurationPlatforms) = postSolution
		{A627F0FA-A7D4-4EEE-9D9A-63A78BB266B6}.Debug|Any CPU.ActiveCfg = Debug|Any CPU
		{A627F0FA-A7D4-4EEE-9D9A-63A78BB266B6}.Debug|Any CPU.Build.0 = Debug|Any CPU
		{A627F0FA-A7D4-4EEE-9D9A-63A78BB266B6}.Debug|ARM64.ActiveCfg = Debug|Any CPU
		{A627F0FA-A7D4-4EEE-9D9A-63A78BB266B6}.Debug|ARM64.Build.0 = Debug|Any CPU
		{A627F0FA-A7D4-4EEE-9D9A-63A78BB266B6}.Debug|x64.ActiveCfg = Debug|Any CPU
		{A627F0FA-A7D4-4EEE-9D9A-63A78BB266B6}.Debug|x64.Build.0 = Debug|Any CPU
		{A627F0FA-A7D4-4EEE-9D9A-63A78BB266B6}.Debug|x86.ActiveCfg = Debug|Any CPU
		{A627F0FA-A7D4-4EEE-9D9A-63A78BB266B6}.Debug|x86.Build.0 = Debug|Any CPU
		{A627F0FA-A7D4-4EEE-9D9A-63A78BB266B6}.Release|Any CPU.ActiveCfg = Release|Any CPU
		{A627F0FA-A7D4-4EEE-9D9A-63A78BB266B6}.Release|Any CPU.Build.0 = Release|Any CPU
		{A627F0FA-A7D4-4EEE-9D9A-63A78BB266B6}.Release|ARM64.ActiveCfg = Release|Any CPU
		{A627F0FA-A7D4-4EEE-9D9A-63A78BB266B6}.Release|ARM64.Build.0 = Release|Any CPU
		{A627F0FA-A7D4-4EEE-9D9A-63A78BB266B6}.Release|x64.ActiveCfg = Release|Any CPU
		{A627F0FA-A7D4-4EEE-9D9A-63A78BB266B6}.Release|x64.Build.0 = Release|Any CPU
		{A627F0FA-A7D4-4EEE-9D9A-63A78BB266B6}.Release|x86.ActiveCfg = Release|Any CPU
		{A627F0FA-A7D4-4EEE-9D9A-63A78BB266B6}.Release|x86.Build.0 = Release|Any CPU
		{F0240A60-2E04-4CFF-A29B-ED642D5DF83D}.Debug|Any CPU.ActiveCfg = Debug|x64
		{F0240A60-2E04-4CFF-A29B-ED642D5DF83D}.Debug|Any CPU.Build.0 = Debug|x64
		{F0240A60-2E04-4CFF-A29B-ED642D5DF83D}.Debug|Any CPU.Deploy.0 = Debug|x64
		{F0240A60-2E04-4CFF-A29B-ED642D5DF83D}.Debug|ARM64.ActiveCfg = Debug|ARM64
		{F0240A60-2E04-4CFF-A29B-ED642D5DF83D}.Debug|ARM64.Build.0 = Debug|ARM64
		{F0240A60-2E04-4CFF-A29B-ED642D5DF83D}.Debug|ARM64.Deploy.0 = Debug|ARM64
		{F0240A60-2E04-4CFF-A29B-ED642D5DF83D}.Debug|x64.ActiveCfg = Debug|x64
		{F0240A60-2E04-4CFF-A29B-ED642D5DF83D}.Debug|x64.Build.0 = Debug|x64
		{F0240A60-2E04-4CFF-A29B-ED642D5DF83D}.Debug|x64.Deploy.0 = Debug|x64
		{F0240A60-2E04-4CFF-A29B-ED642D5DF83D}.Debug|x86.ActiveCfg = Debug|x86
		{F0240A60-2E04-4CFF-A29B-ED642D5DF83D}.Debug|x86.Build.0 = Debug|x86
		{F0240A60-2E04-4CFF-A29B-ED642D5DF83D}.Debug|x86.Deploy.0 = Debug|x86
		{F0240A60-2E04-4CFF-A29B-ED642D5DF83D}.Release|Any CPU.ActiveCfg = Release|x64
		{F0240A60-2E04-4CFF-A29B-ED642D5DF83D}.Release|Any CPU.Build.0 = Release|x64
		{F0240A60-2E04-4CFF-A29B-ED642D5DF83D}.Release|Any CPU.Deploy.0 = Release|x64
		{F0240A60-2E04-4CFF-A29B-ED642D5DF83D}.Release|ARM64.ActiveCfg = Release|ARM64
		{F0240A60-2E04-4CFF-A29B-ED642D5DF83D}.Release|ARM64.Build.0 = Release|ARM64
		{F0240A60-2E04-4CFF-A29B-ED642D5DF83D}.Release|ARM64.Deploy.0 = Release|ARM64
		{F0240A60-2E04-4CFF-A29B-ED642D5DF83D}.Release|x64.ActiveCfg = Release|x64
		{F0240A60-2E04-4CFF-A29B-ED642D5DF83D}.Release|x64.Build.0 = Release|x64
		{F0240A60-2E04-4CFF-A29B-ED642D5DF83D}.Release|x64.Deploy.0 = Release|x64
		{F0240A60-2E04-4CFF-A29B-ED642D5DF83D}.Release|x86.ActiveCfg = Release|x86
		{F0240A60-2E04-4CFF-A29B-ED642D5DF83D}.Release|x86.Build.0 = Release|x86
		{F0240A60-2E04-4CFF-A29B-ED642D5DF83D}.Release|x86.Deploy.0 = Release|x86
		{BD67B2D2-D6E3-450A-95A3-53620191E019}.Debug|Any CPU.ActiveCfg = Debug|Any CPU
		{BD67B2D2-D6E3-450A-95A3-53620191E019}.Debug|Any CPU.Build.0 = Debug|Any CPU
		{BD67B2D2-D6E3-450A-95A3-53620191E019}.Debug|ARM64.ActiveCfg = Debug|Any CPU
		{BD67B2D2-D6E3-450A-95A3-53620191E019}.Debug|ARM64.Build.0 = Debug|Any CPU
		{BD67B2D2-D6E3-450A-95A3-53620191E019}.Debug|x64.ActiveCfg = Debug|Any CPU
		{BD67B2D2-D6E3-450A-95A3-53620191E019}.Debug|x64.Build.0 = Debug|Any CPU
		{BD67B2D2-D6E3-450A-95A3-53620191E019}.Debug|x86.ActiveCfg = Debug|Any CPU
		{BD67B2D2-D6E3-450A-95A3-53620191E019}.Debug|x86.Build.0 = Debug|Any CPU
		{BD67B2D2-D6E3-450A-95A3-53620191E019}.Release|Any CPU.ActiveCfg = Release|Any CPU
		{BD67B2D2-D6E3-450A-95A3-53620191E019}.Release|Any CPU.Build.0 = Release|Any CPU
		{BD67B2D2-D6E3-450A-95A3-53620191E019}.Release|ARM64.ActiveCfg = Release|Any CPU
		{BD67B2D2-D6E3-450A-95A3-53620191E019}.Release|ARM64.Build.0 = Release|Any CPU
		{BD67B2D2-D6E3-450A-95A3-53620191E019}.Release|x64.ActiveCfg = Release|Any CPU
		{BD67B2D2-D6E3-450A-95A3-53620191E019}.Release|x64.Build.0 = Release|Any CPU
		{BD67B2D2-D6E3-450A-95A3-53620191E019}.Release|x86.ActiveCfg = Release|Any CPU
		{BD67B2D2-D6E3-450A-95A3-53620191E019}.Release|x86.Build.0 = Release|Any CPU
		{E703583B-8B4C-4AA6-98E9-737DF391DEB4}.Debug|Any CPU.ActiveCfg = Debug|Any CPU
		{E703583B-8B4C-4AA6-98E9-737DF391DEB4}.Debug|Any CPU.Build.0 = Debug|Any CPU
		{E703583B-8B4C-4AA6-98E9-737DF391DEB4}.Debug|ARM64.ActiveCfg = Debug|Any CPU
		{E703583B-8B4C-4AA6-98E9-737DF391DEB4}.Debug|ARM64.Build.0 = Debug|Any CPU
		{E703583B-8B4C-4AA6-98E9-737DF391DEB4}.Debug|x64.ActiveCfg = Debug|Any CPU
		{E703583B-8B4C-4AA6-98E9-737DF391DEB4}.Debug|x64.Build.0 = Debug|Any CPU
		{E703583B-8B4C-4AA6-98E9-737DF391DEB4}.Debug|x86.ActiveCfg = Debug|Any CPU
		{E703583B-8B4C-4AA6-98E9-737DF391DEB4}.Debug|x86.Build.0 = Debug|Any CPU
		{E703583B-8B4C-4AA6-98E9-737DF391DEB4}.Release|Any CPU.ActiveCfg = Release|Any CPU
		{E703583B-8B4C-4AA6-98E9-737DF391DEB4}.Release|Any CPU.Build.0 = Release|Any CPU
		{E703583B-8B4C-4AA6-98E9-737DF391DEB4}.Release|ARM64.ActiveCfg = Release|Any CPU
		{E703583B-8B4C-4AA6-98E9-737DF391DEB4}.Release|ARM64.Build.0 = Release|Any CPU
		{E703583B-8B4C-4AA6-98E9-737DF391DEB4}.Release|x64.ActiveCfg = Release|Any CPU
		{E703583B-8B4C-4AA6-98E9-737DF391DEB4}.Release|x64.Build.0 = Release|Any CPU
		{E703583B-8B4C-4AA6-98E9-737DF391DEB4}.Release|x86.ActiveCfg = Release|Any CPU
		{E703583B-8B4C-4AA6-98E9-737DF391DEB4}.Release|x86.Build.0 = Release|Any CPU
	EndGlobalSection
	GlobalSection(SolutionProperties) = preSolution
		HideSolutionNode = FALSE
	EndGlobalSection
	GlobalSection(ExtensibilityGlobals) = postSolution
		SolutionGuid = {A9AE4B22-54F5-4C5F-8601-C5D46BFCE974}
	EndGlobalSection
EndGlobal
